
Microsoft Visual Studio Solution File, Format Version 12.00
# Visual Studio 15
VisualStudioVersion = 15.0.28010.2003
MinimumVisualStudioVersion = 10.0.40219.1
Project("{9A19103F-16F7-4668-BE54-9A1E7A4F7556}") = "DAL", "DAL\DAL.csproj", "{26DF0487-C100-4AF1-ABBD-2B351DB5D1F2}"
EndProject
Project("{9A19103F-16F7-4668-BE54-9A1E7A4F7556}") = "Repository", "MSSQLRepositiry\Repository.csproj", "{1576A68D-F952-462C-BB21-612D30312DC0}"
EndProject
Project("{9A19103F-16F7-4668-BE54-9A1E7A4F7556}") = "BLL", "BLL\BLL.csproj", "{EC922EF4-02C6-4A3E-BD8B-C652BB33D65A}"
EndProject
Project("{FAE04EC0-301F-11D3-BF4B-00C04F79EFBC}") = "WebApplication", "WebApplication\WebApplication.csproj", "{2BFDE1DC-42DD-491E-93CC-FAB48A2411D5}"
EndProject
Global
	GlobalSection(SolutionConfigurationPlatforms) = preSolution
		Debug|Any CPU = Debug|Any CPU
		Release|Any CPU = Release|Any CPU
	EndGlobalSection
	GlobalSection(ProjectConfigurationPlatforms) = postSolution
		{26DF0487-C100-4AF1-ABBD-2B351DB5D1F2}.Debug|Any CPU.ActiveCfg = Debug|Any CPU
		{26DF0487-C100-4AF1-ABBD-2B351DB5D1F2}.Debug|Any CPU.Build.0 = Debug|Any CPU
		{26DF0487-C100-4AF1-ABBD-2B351DB5D1F2}.Release|Any CPU.ActiveCfg = Release|Any CPU
		{26DF0487-C100-4AF1-ABBD-2B351DB5D1F2}.Release|Any CPU.Build.0 = Release|Any CPU
		{1576A68D-F952-462C-BB21-612D30312DC0}.Debug|Any CPU.ActiveCfg = Debug|Any CPU
		{1576A68D-F952-462C-BB21-612D30312DC0}.Debug|Any CPU.Build.0 = Debug|Any CPU
		{1576A68D-F952-462C-BB21-612D30312DC0}.Release|Any CPU.ActiveCfg = Release|Any CPU
		{1576A68D-F952-462C-BB21-612D30312DC0}.Release|Any CPU.Build.0 = Release|Any CPU
		{EC922EF4-02C6-4A3E-BD8B-C652BB33D65A}.Debug|Any CPU.ActiveCfg = Debug|Any CPU
		{EC922EF4-02C6-4A3E-BD8B-C652BB33D65A}.Debug|Any CPU.Build.0 = Debug|Any CPU
		{EC922EF4-02C6-4A3E-BD8B-C652BB33D65A}.Release|Any CPU.ActiveCfg = Release|Any CPU
		{EC922EF4-02C6-4A3E-BD8B-C652BB33D65A}.Release|Any CPU.Build.0 = Release|Any CPU
		{2BFDE1DC-42DD-491E-93CC-FAB48A2411D5}.Debug|Any CPU.ActiveCfg = Debug|Any CPU
		{2BFDE1DC-42DD-491E-93CC-FAB48A2411D5}.Debug|Any CPU.Build.0 = Debug|Any CPU
		{2BFDE1DC-42DD-491E-93CC-FAB48A2411D5}.Release|Any CPU.ActiveCfg = Release|Any CPU
		{2BFDE1DC-42DD-491E-93CC-FAB48A2411D5}.Release|Any CPU.Build.0 = Release|Any CPU
	EndGlobalSection
	GlobalSection(SolutionProperties) = preSolution
		HideSolutionNode = FALSE
	EndGlobalSection
	GlobalSection(ExtensibilityGlobals) = postSolution
		SolutionGuid = {C2AE7654-2D87-4809-9B61-BBFEB8FC65DD}
	EndGlobalSection
EndGlobal
